
Microsoft Visual Studio Solution File, Format Version 12.00
# Visual Studio Version 16
VisualStudioVersion = 16.0.29613.14
MinimumVisualStudioVersion = 10.0.40219.1
Project("{FAE04EC0-301F-11D3-BF4B-00C04F79EFBC}") = "dotNET", "dotNET\dotNET.csproj", "{83787657-E23F-4DAF-AF0D-19FE70EA5E6A}"
EndProject
Global
	GlobalSection(SolutionConfigurationPlatforms) = preSolution
		Debug|Any CPU = Debug|Any CPU
		Release|Any CPU = Release|Any CPU
	EndGlobalSection
	GlobalSection(ProjectConfigurationPlatforms) = postSolution
		{83787657-E23F-4DAF-AF0D-19FE70EA5E6A}.Debug|Any CPU.ActiveCfg = Debug|Any CPU
		{83787657-E23F-4DAF-AF0D-19FE70EA5E6A}.Debug|Any CPU.Build.0 = Debug|Any CPU
		{83787657-E23F-4DAF-AF0D-19FE70EA5E6A}.Release|Any CPU.ActiveCfg = Release|Any CPU
		{83787657-E23F-4DAF-AF0D-19FE70EA5E6A}.Release|Any CPU.Build.0 = Release|Any CPU
	EndGlobalSection
	GlobalSection(SolutionProperties) = preSolution
		HideSolutionNode = FALSE
	EndGlobalSection
	GlobalSection(ExtensibilityGlobals) = postSolution
		SolutionGuid = {95DBFAE7-7C8E-4684-B77A-982F09FAABAB}
	EndGlobalSection
EndGlobal
